# THIS IS AN AUTOGENERATED FILE. DO NOT EDIT THIS FILE DIRECTLY.
# yarn lockfile v1


bobril@*, bobril@^11.4.1:
  version "11.4.2"
  resolved "https://registry.yarnpkg.com/bobril/-/bobril-11.4.2.tgz#e2fcc1ca835ba995a9da126a8558383f6f222a33"
  integrity sha512-rhowLjkUtNFC2TDQsz4S3m3rMpadv1/Q8/Ld6tvYFMK+azPSaM2Rh/IenNLMjyGuZs7KdO8smHCjADORgUZzbA==

bobx@^0.27.1:
  version "0.27.1"
  resolved "https://registry.yarnpkg.com/bobx/-/bobx-0.27.1.tgz#063226f35bb8f37bc7c1689c4d20c217700914f7"
  integrity sha512-yN5NBdlQIXZmlCxIRZES26iaZBq0FjpK3HyuvypCgPjPw/BDB2hBKwrtxN8pTKPutUhpN5rRvh5I0CZi7kiABA==
  dependencies:
    bobril "*"
