# THIS IS AN AUTOGENERATED FILE. DO NOT EDIT THIS FILE DIRECTLY.
# yarn lockfile v1


bobril@*, bobril@^11.4.1:
  version "11.4.3"
  resolved "https://registry.yarnpkg.com/bobril/-/bobril-11.4.3.tgz#1661f34f7552d5486f7ed0e7189de8f08e87c7c3"
  integrity sha512-jY1IbiRsBMcj5nPO8M+dJ1OQ2pQdHPNpEDITI7zipbGb5NM91DVoMcQSWKcClLuqMpKe1qsq3ez5qQeBnvPixw==

bobx@^0.27.1:
  version "0.27.1"
  resolved "https://registry.yarnpkg.com/bobx/-/bobx-0.27.1.tgz#063226f35bb8f37bc7c1689c4d20c217700914f7"
  integrity sha512-yN5NBdlQIXZmlCxIRZES26iaZBq0FjpK3HyuvypCgPjPw/BDB2hBKwrtxN8pTKPutUhpN5rRvh5I0CZi7kiABA==
  dependencies:
    bobril "*"
